
Microsoft Visual Studio Solution File, Format Version 12.00
# Visual Studio 2012
VisualStudioVersion = 14.0.22310.1
MinimumVisualStudioVersion = 10.0.40219.1
Project("{FAE04EC0-301F-11D3-BF4B-00C04F79EFBC}") = "ScheduleMyFood", "ScheduleMyFood\ScheduleMyFood\ScheduleMyFood.csproj", "{278595DD-9951-47E1-A722-983B192D604F}"
EndProject
Project("{FAE04EC0-301F-11D3-BF4B-00C04F79EFBC}") = "ScheduleMyFood.Droid", "ScheduleMyFood\ScheduleMyFood.Droid\ScheduleMyFood.Droid.csproj", "{4196FEA5-1C64-43AC-9C5B-1F18C25BBB0D}"
EndProject
Project("{FAE04EC0-301F-11D3-BF4B-00C04F79EFBC}") = "ScheduleMyFood.WinPhone", "ScheduleMyFood\ScheduleMyFood.WinPhone\ScheduleMyFood.WinPhone.csproj", "{A0D10E3C-D7E7-42A9-B321-1233BBE758DE}"
EndProject
Project("{FAE04EC0-301F-11D3-BF4B-00C04F79EFBC}") = "ScheduleMyFood.Tests", "ScheduleMyFood\ScheduleMyFood.Tests\ScheduleMyFood.Tests.csproj", "{6E7C502F-15D2-4567-B947-C473A4BF2C3B}"
EndProject
Global
	GlobalSection(SolutionConfigurationPlatforms) = preSolution
		Ad-Hoc|Any CPU = Ad-Hoc|Any CPU
		Ad-Hoc|ARM = Ad-Hoc|ARM
		Ad-Hoc|iPhone = Ad-Hoc|iPhone
		Ad-Hoc|iPhoneSimulator = Ad-Hoc|iPhoneSimulator
		Ad-Hoc|Mixed Platforms = Ad-Hoc|Mixed Platforms
		Ad-Hoc|x86 = Ad-Hoc|x86
		AppStore|Any CPU = AppStore|Any CPU
		AppStore|ARM = AppStore|ARM
		AppStore|iPhone = AppStore|iPhone
		AppStore|iPhoneSimulator = AppStore|iPhoneSimulator
		AppStore|Mixed Platforms = AppStore|Mixed Platforms
		AppStore|x86 = AppStore|x86
		Debug|Any CPU = Debug|Any CPU
		Debug|ARM = Debug|ARM
		Debug|iPhone = Debug|iPhone
		Debug|iPhoneSimulator = Debug|iPhoneSimulator
		Debug|Mixed Platforms = Debug|Mixed Platforms
		Debug|x86 = Debug|x86
		Release|Any CPU = Release|Any CPU
		Release|ARM = Release|ARM
		Release|iPhone = Release|iPhone
		Release|iPhoneSimulator = Release|iPhoneSimulator
		Release|Mixed Platforms = Release|Mixed Platforms
		Release|x86 = Release|x86
	EndGlobalSection
	GlobalSection(ProjectConfigurationPlatforms) = postSolution
		{278595DD-9951-47E1-A722-983B192D604F}.Ad-Hoc|Any CPU.ActiveCfg = Release|Any CPU
		{278595DD-9951-47E1-A722-983B192D604F}.Ad-Hoc|Any CPU.Build.0 = Release|Any CPU
		{278595DD-9951-47E1-A722-983B192D604F}.Ad-Hoc|ARM.ActiveCfg = Release|Any CPU
		{278595DD-9951-47E1-A722-983B192D604F}.Ad-Hoc|ARM.Build.0 = Release|Any CPU
		{278595DD-9951-47E1-A722-983B192D604F}.Ad-Hoc|iPhone.ActiveCfg = Release|Any CPU
		{278595DD-9951-47E1-A722-983B192D604F}.Ad-Hoc|iPhone.Build.0 = Release|Any CPU
		{278595DD-9951-47E1-A722-983B192D604F}.Ad-Hoc|iPhoneSimulator.ActiveCfg = Release|Any CPU
		{278595DD-9951-47E1-A722-983B192D604F}.Ad-Hoc|iPhoneSimulator.Build.0 = Release|Any CPU
		{278595DD-9951-47E1-A722-983B192D604F}.Ad-Hoc|Mixed Platforms.ActiveCfg = Release|Any CPU
		{278595DD-9951-47E1-A722-983B192D604F}.Ad-Hoc|Mixed Platforms.Build.0 = Release|Any CPU
		{278595DD-9951-47E1-A722-983B192D604F}.Ad-Hoc|x86.ActiveCfg = Release|Any CPU
		{278595DD-9951-47E1-A722-983B192D604F}.Ad-Hoc|x86.Build.0 = Release|Any CPU
		{278595DD-9951-47E1-A722-983B192D604F}.AppStore|Any CPU.ActiveCfg = Release|Any CPU
		{278595DD-9951-47E1-A722-983B192D604F}.AppStore|Any CPU.Build.0 = Release|Any CPU
		{278595DD-9951-47E1-A722-983B192D604F}.AppStore|ARM.ActiveCfg = Release|Any CPU
		{278595DD-9951-47E1-A722-983B192D604F}.AppStore|ARM.Build.0 = Release|Any CPU
		{278595DD-9951-47E1-A722-983B192D604F}.AppStore|iPhone.ActiveCfg = Release|Any CPU
		{278595DD-9951-47E1-A722-983B192D604F}.AppStore|iPhone.Build.0 = Release|Any CPU
		{278595DD-9951-47E1-A722-983B192D604F}.AppStore|iPhoneSimulator.ActiveCfg = Release|Any CPU
		{278595DD-9951-47E1-A722-983B192D604F}.AppStore|iPhoneSimulator.Build.0 = Release|Any CPU
		{278595DD-9951-47E1-A722-983B192D604F}.AppStore|Mixed Platforms.ActiveCfg = Release|Any CPU
		{278595DD-9951-47E1-A722-983B192D604F}.AppStore|Mixed Platforms.Build.0 = Release|Any CPU
		{278595DD-9951-47E1-A722-983B192D604F}.AppStore|x86.ActiveCfg = Release|Any CPU
		{278595DD-9951-47E1-A722-983B192D604F}.AppStore|x86.Build.0 = Release|Any CPU
		{278595DD-9951-47E1-A722-983B192D604F}.Debug|Any CPU.ActiveCfg = Debug|Any CPU
		{278595DD-9951-47E1-A722-983B192D604F}.Debug|Any CPU.Build.0 = Debug|Any CPU
		{278595DD-9951-47E1-A722-983B192D604F}.Debug|ARM.ActiveCfg = Debug|Any CPU
		{278595DD-9951-47E1-A722-983B192D604F}.Debug|ARM.Build.0 = Debug|Any CPU
		{278595DD-9951-47E1-A722-983B192D604F}.Debug|iPhone.ActiveCfg = Debug|Any CPU
		{278595DD-9951-47E1-A722-983B192D604F}.Debug|iPhone.Build.0 = Debug|Any CPU
		{278595DD-9951-47E1-A722-983B192D604F}.Debug|iPhoneSimulator.ActiveCfg = Debug|Any CPU
		{278595DD-9951-47E1-A722-983B192D604F}.Debug|iPhoneSimulator.Build.0 = Debug|Any CPU
		{278595DD-9951-47E1-A722-983B192D604F}.Debug|Mixed Platforms.ActiveCfg = Debug|Any CPU
		{278595DD-9951-47E1-A722-983B192D604F}.Debug|Mixed Platforms.Build.0 = Debug|Any CPU
		{278595DD-9951-47E1-A722-983B192D604F}.Debug|x86.ActiveCfg = Debug|Any CPU
		{278595DD-9951-47E1-A722-983B192D604F}.Debug|x86.Build.0 = Debug|Any CPU
		{278595DD-9951-47E1-A722-983B192D604F}.Release|Any CPU.ActiveCfg = Release|Any CPU
		{278595DD-9951-47E1-A722-983B192D604F}.Release|Any CPU.Build.0 = Release|Any CPU
		{278595DD-9951-47E1-A722-983B192D604F}.Release|ARM.ActiveCfg = Release|Any CPU
		{278595DD-9951-47E1-A722-983B192D604F}.Release|ARM.Build.0 = Release|Any CPU
		{278595DD-9951-47E1-A722-983B192D604F}.Release|iPhone.ActiveCfg = Release|Any CPU
		{278595DD-9951-47E1-A722-983B192D604F}.Release|iPhone.Build.0 = Release|Any CPU
		{278595DD-9951-47E1-A722-983B192D604F}.Release|iPhoneSimulator.ActiveCfg = Release|Any CPU
		{278595DD-9951-47E1-A722-983B192D604F}.Release|iPhoneSimulator.Build.0 = Release|Any CPU
		{278595DD-9951-47E1-A722-983B192D604F}.Release|Mixed Platforms.ActiveCfg = Release|Any CPU
		{278595DD-9951-47E1-A722-983B192D604F}.Release|Mixed Platforms.Build.0 = Release|Any CPU
		{278595DD-9951-47E1-A722-983B192D604F}.Release|x86.ActiveCfg = Release|Any CPU
		{278595DD-9951-47E1-A722-983B192D604F}.Release|x86.Build.0 = Release|Any CPU
		{4196FEA5-1C64-43AC-9C5B-1F18C25BBB0D}.Ad-Hoc|Any CPU.ActiveCfg = Release|Any CPU
		{4196FEA5-1C64-43AC-9C5B-1F18C25BBB0D}.Ad-Hoc|Any CPU.Build.0 = Release|Any CPU
		{4196FEA5-1C64-43AC-9C5B-1F18C25BBB0D}.Ad-Hoc|Any CPU.Deploy.0 = Release|Any CPU
		{4196FEA5-1C64-43AC-9C5B-1F18C25BBB0D}.Ad-Hoc|ARM.ActiveCfg = Release|Any CPU
		{4196FEA5-1C64-43AC-9C5B-1F18C25BBB0D}.Ad-Hoc|ARM.Build.0 = Release|Any CPU
		{4196FEA5-1C64-43AC-9C5B-1F18C25BBB0D}.Ad-Hoc|ARM.Deploy.0 = Release|Any CPU
		{4196FEA5-1C64-43AC-9C5B-1F18C25BBB0D}.Ad-Hoc|iPhone.ActiveCfg = Release|Any CPU
		{4196FEA5-1C64-43AC-9C5B-1F18C25BBB0D}.Ad-Hoc|iPhone.Build.0 = Release|Any CPU
		{4196FEA5-1C64-43AC-9C5B-1F18C25BBB0D}.Ad-Hoc|iPhone.Deploy.0 = Release|Any CPU
		{4196FEA5-1C64-43AC-9C5B-1F18C25BBB0D}.Ad-Hoc|iPhoneSimulator.ActiveCfg = Release|Any CPU
		{4196FEA5-1C64-43AC-9C5B-1F18C25BBB0D}.Ad-Hoc|iPhoneSimulator.Build.0 = Release|Any CPU
		{4196FEA5-1C64-43AC-9C5B-1F18C25BBB0D}.Ad-Hoc|iPhoneSimulator.Deploy.0 = Release|Any CPU
		{4196FEA5-1C64-43AC-9C5B-1F18C25BBB0D}.Ad-Hoc|Mixed Platforms.ActiveCfg = Release|Any CPU
		{4196FEA5-1C64-43AC-9C5B-1F18C25BBB0D}.Ad-Hoc|Mixed Platforms.Build.0 = Release|Any CPU
		{4196FEA5-1C64-43AC-9C5B-1F18C25BBB0D}.Ad-Hoc|Mixed Platforms.Deploy.0 = Release|Any CPU
		{4196FEA5-1C64-43AC-9C5B-1F18C25BBB0D}.Ad-Hoc|x86.ActiveCfg = Release|Any CPU
		{4196FEA5-1C64-43AC-9C5B-1F18C25BBB0D}.Ad-Hoc|x86.Build.0 = Release|Any CPU
		{4196FEA5-1C64-43AC-9C5B-1F18C25BBB0D}.Ad-Hoc|x86.Deploy.0 = Release|Any CPU
		{4196FEA5-1C64-43AC-9C5B-1F18C25BBB0D}.AppStore|Any CPU.ActiveCfg = Release|Any CPU
		{4196FEA5-1C64-43AC-9C5B-1F18C25BBB0D}.AppStore|Any CPU.Build.0 = Release|Any CPU
		{4196FEA5-1C64-43AC-9C5B-1F18C25BBB0D}.AppStore|Any CPU.Deploy.0 = Release|Any CPU
		{4196FEA5-1C64-43AC-9C5B-1F18C25BBB0D}.AppStore|ARM.ActiveCfg = Release|Any CPU
		{4196FEA5-1C64-43AC-9C5B-1F18C25BBB0D}.AppStore|ARM.Build.0 = Release|Any CPU
		{4196FEA5-1C64-43AC-9C5B-1F18C25BBB0D}.AppStore|ARM.Deploy.0 = Release|Any CPU
		{4196FEA5-1C64-43AC-9C5B-1F18C25BBB0D}.AppStore|iPhone.ActiveCfg = Release|Any CPU
		{4196FEA5-1C64-43AC-9C5B-1F18C25BBB0D}.AppStore|iPhone.Build.0 = Release|Any CPU
		{4196FEA5-1C64-43AC-9C5B-1F18C25BBB0D}.AppStore|iPhone.Deploy.0 = Release|Any CPU
		{4196FEA5-1C64-43AC-9C5B-1F18C25BBB0D}.AppStore|iPhoneSimulator.ActiveCfg = Release|Any CPU
		{4196FEA5-1C64-43AC-9C5B-1F18C25BBB0D}.AppStore|iPhoneSimulator.Build.0 = Release|Any CPU
		{4196FEA5-1C64-43AC-9C5B-1F18C25BBB0D}.AppStore|iPhoneSimulator.Deploy.0 = Release|Any CPU
		{4196FEA5-1C64-43AC-9C5B-1F18C25BBB0D}.AppStore|Mixed Platforms.ActiveCfg = Release|Any CPU
		{4196FEA5-1C64-43AC-9C5B-1F18C25BBB0D}.AppStore|Mixed Platforms.Build.0 = Release|Any CPU
		{4196FEA5-1C64-43AC-9C5B-1F18C25BBB0D}.AppStore|Mixed Platforms.Deploy.0 = Release|Any CPU
		{4196FEA5-1C64-43AC-9C5B-1F18C25BBB0D}.AppStore|x86.ActiveCfg = Release|Any CPU
		{4196FEA5-1C64-43AC-9C5B-1F18C25BBB0D}.AppStore|x86.Build.0 = Release|Any CPU
		{4196FEA5-1C64-43AC-9C5B-1F18C25BBB0D}.AppStore|x86.Deploy.0 = Release|Any CPU
		{4196FEA5-1C64-43AC-9C5B-1F18C25BBB0D}.Debug|Any CPU.ActiveCfg = Debug|Any CPU
		{4196FEA5-1C64-43AC-9C5B-1F18C25BBB0D}.Debug|Any CPU.Build.0 = Debug|Any CPU
		{4196FEA5-1C64-43AC-9C5B-1F18C25BBB0D}.Debug|Any CPU.Deploy.0 = Debug|Any CPU
		{4196FEA5-1C64-43AC-9C5B-1F18C25BBB0D}.Debug|ARM.ActiveCfg = Debug|Any CPU
		{4196FEA5-1C64-43AC-9C5B-1F18C25BBB0D}.Debug|ARM.Build.0 = Debug|Any CPU
		{4196FEA5-1C64-43AC-9C5B-1F18C25BBB0D}.Debug|ARM.Deploy.0 = Debug|Any CPU
		{4196FEA5-1C64-43AC-9C5B-1F18C25BBB0D}.Debug|iPhone.ActiveCfg = Debug|Any CPU
		{4196FEA5-1C64-43AC-9C5B-1F18C25BBB0D}.Debug|iPhone.Build.0 = Debug|Any CPU
		{4196FEA5-1C64-43AC-9C5B-1F18C25BBB0D}.Debug|iPhone.Deploy.0 = Debug|Any CPU
		{4196FEA5-1C64-43AC-9C5B-1F18C25BBB0D}.Debug|iPhoneSimulator.ActiveCfg = Debug|Any CPU
		{4196FEA5-1C64-43AC-9C5B-1F18C25BBB0D}.Debug|iPhoneSimulator.Build.0 = Debug|Any CPU
		{4196FEA5-1C64-43AC-9C5B-1F18C25BBB0D}.Debug|iPhoneSimulator.Deploy.0 = Debug|Any CPU
		{4196FEA5-1C64-43AC-9C5B-1F18C25BBB0D}.Debug|Mixed Platforms.ActiveCfg = Debug|Any CPU
		{4196FEA5-1C64-43AC-9C5B-1F18C25BBB0D}.Debug|Mixed Platforms.Build.0 = Debug|Any CPU
		{4196FEA5-1C64-43AC-9C5B-1F18C25BBB0D}.Debug|Mixed Platforms.Deploy.0 = Debug|Any CPU
		{4196FEA5-1C64-43AC-9C5B-1F18C25BBB0D}.Debug|x86.ActiveCfg = Debug|Any CPU
		{4196FEA5-1C64-43AC-9C5B-1F18C25BBB0D}.Debug|x86.Build.0 = Debug|Any CPU
		{4196FEA5-1C64-43AC-9C5B-1F18C25BBB0D}.Debug|x86.Deploy.0 = Debug|Any CPU
		{4196FEA5-1C64-43AC-9C5B-1F18C25BBB0D}.Release|Any CPU.ActiveCfg = Release|Any CPU
		{4196FEA5-1C64-43AC-9C5B-1F18C25BBB0D}.Release|Any CPU.Build.0 = Release|Any CPU
		{4196FEA5-1C64-43AC-9C5B-1F18C25BBB0D}.Release|Any CPU.Deploy.0 = Release|Any CPU
		{4196FEA5-1C64-43AC-9C5B-1F18C25BBB0D}.Release|ARM.ActiveCfg = Release|Any CPU
		{4196FEA5-1C64-43AC-9C5B-1F18C25BBB0D}.Release|ARM.Build.0 = Release|Any CPU
		{4196FEA5-1C64-43AC-9C5B-1F18C25BBB0D}.Release|ARM.Deploy.0 = Release|Any CPU
		{4196FEA5-1C64-43AC-9C5B-1F18C25BBB0D}.Release|iPhone.ActiveCfg = Release|Any CPU
		{4196FEA5-1C64-43AC-9C5B-1F18C25BBB0D}.Release|iPhone.Build.0 = Release|Any CPU
		{4196FEA5-1C64-43AC-9C5B-1F18C25BBB0D}.Release|iPhone.Deploy.0 = Release|Any CPU
		{4196FEA5-1C64-43AC-9C5B-1F18C25BBB0D}.Release|iPhoneSimulator.ActiveCfg = Release|Any CPU
		{4196FEA5-1C64-43AC-9C5B-1F18C25BBB0D}.Release|iPhoneSimulator.Build.0 = Release|Any CPU
		{4196FEA5-1C64-43AC-9C5B-1F18C25BBB0D}.Release|iPhoneSimulator.Deploy.0 = Release|Any CPU
		{4196FEA5-1C64-43AC-9C5B-1F18C25BBB0D}.Release|Mixed Platforms.ActiveCfg = Release|Any CPU
		{4196FEA5-1C64-43AC-9C5B-1F18C25BBB0D}.Release|Mixed Platforms.Build.0 = Release|Any CPU
		{4196FEA5-1C64-43AC-9C5B-1F18C25BBB0D}.Release|Mixed Platforms.Deploy.0 = Release|Any CPU
		{4196FEA5-1C64-43AC-9C5B-1F18C25BBB0D}.Release|x86.ActiveCfg = Release|Any CPU
		{4196FEA5-1C64-43AC-9C5B-1F18C25BBB0D}.Release|x86.Build.0 = Release|Any CPU
		{4196FEA5-1C64-43AC-9C5B-1F18C25BBB0D}.Release|x86.Deploy.0 = Release|Any CPU
		{6E7C502F-15D2-4567-B947-C473A4BF2C3B}.Ad-Hoc|Any CPU.ActiveCfg = Release|Any CPU
		{6E7C502F-15D2-4567-B947-C473A4BF2C3B}.Ad-Hoc|Any CPU.Build.0 = Release|Any CPU
		{6E7C502F-15D2-4567-B947-C473A4BF2C3B}.Ad-Hoc|ARM.ActiveCfg = Release|Any CPU
		{6E7C502F-15D2-4567-B947-C473A4BF2C3B}.Ad-Hoc|ARM.Build.0 = Release|Any CPU
		{6E7C502F-15D2-4567-B947-C473A4BF2C3B}.Ad-Hoc|iPhone.ActiveCfg = Release|Any CPU
		{6E7C502F-15D2-4567-B947-C473A4BF2C3B}.Ad-Hoc|iPhone.Build.0 = Release|Any CPU
		{6E7C502F-15D2-4567-B947-C473A4BF2C3B}.Ad-Hoc|iPhoneSimulator.ActiveCfg = Release|Any CPU
		{6E7C502F-15D2-4567-B947-C473A4BF2C3B}.Ad-Hoc|iPhoneSimulator.Build.0 = Release|Any CPU
		{6E7C502F-15D2-4567-B947-C473A4BF2C3B}.Ad-Hoc|Mixed Platforms.ActiveCfg = Release|Any CPU
		{6E7C502F-15D2-4567-B947-C473A4BF2C3B}.Ad-Hoc|Mixed Platforms.Build.0 = Release|Any CPU
		{6E7C502F-15D2-4567-B947-C473A4BF2C3B}.Ad-Hoc|x86.ActiveCfg = Release|Any CPU
		{6E7C502F-15D2-4567-B947-C473A4BF2C3B}.Ad-Hoc|x86.Build.0 = Release|Any CPU
		{6E7C502F-15D2-4567-B947-C473A4BF2C3B}.AppStore|Any CPU.ActiveCfg = Release|Any CPU
		{6E7C502F-15D2-4567-B947-C473A4BF2C3B}.AppStore|Any CPU.Build.0 = Release|Any CPU
		{6E7C502F-15D2-4567-B947-C473A4BF2C3B}.AppStore|ARM.ActiveCfg = Release|Any CPU
		{6E7C502F-15D2-4567-B947-C473A4BF2C3B}.AppStore|ARM.Build.0 = Release|Any CPU
		{6E7C502F-15D2-4567-B947-C473A4BF2C3B}.AppStore|iPhone.ActiveCfg = Release|Any CPU
		{6E7C502F-15D2-4567-B947-C473A4BF2C3B}.AppStore|iPhone.Build.0 = Release|Any CPU
		{6E7C502F-15D2-4567-B947-C473A4BF2C3B}.AppStore|iPhoneSimulator.ActiveCfg = Release|Any CPU
		{6E7C502F-15D2-4567-B947-C473A4BF2C3B}.AppStore|iPhoneSimulator.Build.0 = Release|Any CPU
		{6E7C502F-15D2-4567-B947-C473A4BF2C3B}.AppStore|Mixed Platforms.ActiveCfg = Release|Any CPU
		{6E7C502F-15D2-4567-B947-C473A4BF2C3B}.AppStore|Mixed Platforms.Build.0 = Release|Any CPU
		{6E7C502F-15D2-4567-B947-C473A4BF2C3B}.AppStore|x86.ActiveCfg = Release|Any CPU
		{6E7C502F-15D2-4567-B947-C473A4BF2C3B}.AppStore|x86.Build.0 = Release|Any CPU
		{6E7C502F-15D2-4567-B947-C473A4BF2C3B}.Debug|Any CPU.ActiveCfg = Debug|Any CPU
		{6E7C502F-15D2-4567-B947-C473A4BF2C3B}.Debug|Any CPU.Build.0 = Debug|Any CPU
		{6E7C502F-15D2-4567-B947-C473A4BF2C3B}.Debug|ARM.ActiveCfg = Debug|Any CPU
		{6E7C502F-15D2-4567-B947-C473A4BF2C3B}.Debug|ARM.Build.0 = Debug|Any CPU
		{6E7C502F-15D2-4567-B947-C473A4BF2C3B}.Debug|iPhone.ActiveCfg = Debug|Any CPU
		{6E7C502F-15D2-4567-B947-C473A4BF2C3B}.Debug|iPhone.Build.0 = Debug|Any CPU
		{6E7C502F-15D2-4567-B947-C473A4BF2C3B}.Debug|iPhoneSimulator.ActiveCfg = Debug|Any CPU
		{6E7C502F-15D2-4567-B947-C473A4BF2C3B}.Debug|iPhoneSimulator.Build.0 = Debug|Any CPU
		{6E7C502F-15D2-4567-B947-C473A4BF2C3B}.Debug|Mixed Platforms.ActiveCfg = Debug|Any CPU
		{6E7C502F-15D2-4567-B947-C473A4BF2C3B}.Debug|Mixed Platforms.Build.0 = Debug|Any CPU
		{6E7C502F-15D2-4567-B947-C473A4BF2C3B}.Debug|x86.ActiveCfg = Debug|Any CPU
		{6E7C502F-15D2-4567-B947-C473A4BF2C3B}.Debug|x86.Build.0 = Debug|Any CPU
		{6E7C502F-15D2-4567-B947-C473A4BF2C3B}.Release|Any CPU.ActiveCfg = Release|Any CPU
		{6E7C502F-15D2-4567-B947-C473A4BF2C3B}.Release|Any CPU.Build.0 = Release|Any CPU
		{6E7C502F-15D2-4567-B947-C473A4BF2C3B}.Release|ARM.ActiveCfg = Release|Any CPU
		{6E7C502F-15D2-4567-B947-C473A4BF2C3B}.Release|ARM.Build.0 = Release|Any CPU
		{6E7C502F-15D2-4567-B947-C473A4BF2C3B}.Release|iPhone.ActiveCfg = Release|Any CPU
		{6E7C502F-15D2-4567-B947-C473A4BF2C3B}.Release|iPhone.Build.0 = Release|Any CPU
		{6E7C502F-15D2-4567-B947-C473A4BF2C3B}.Release|iPhoneSimulator.ActiveCfg = Release|Any CPU
		{6E7C502F-15D2-4567-B947-C473A4BF2C3B}.Release|iPhoneSimulator.Build.0 = Release|Any CPU
		{6E7C502F-15D2-4567-B947-C473A4BF2C3B}.Release|Mixed Platforms.ActiveCfg = Release|Any CPU
		{6E7C502F-15D2-4567-B947-C473A4BF2C3B}.Release|Mixed Platforms.Build.0 = Release|Any CPU
		{6E7C502F-15D2-4567-B947-C473A4BF2C3B}.Release|x86.ActiveCfg = Release|Any CPU
		{6E7C502F-15D2-4567-B947-C473A4BF2C3B}.Release|x86.Build.0 = Release|Any CPU
		{A0D10E3C-D7E7-42A9-B321-1233BBE758DE}.Ad-Hoc|Any CPU.ActiveCfg = Release|Any CPU
		{A0D10E3C-D7E7-42A9-B321-1233BBE758DE}.Ad-Hoc|Any CPU.Build.0 = Release|Any CPU
		{A0D10E3C-D7E7-42A9-B321-1233BBE758DE}.Ad-Hoc|Any CPU.Deploy.0 = Release|Any CPU
		{A0D10E3C-D7E7-42A9-B321-1233BBE758DE}.Ad-Hoc|ARM.ActiveCfg = Release|ARM
		{A0D10E3C-D7E7-42A9-B321-1233BBE758DE}.Ad-Hoc|ARM.Build.0 = Release|ARM
		{A0D10E3C-D7E7-42A9-B321-1233BBE758DE}.Ad-Hoc|ARM.Deploy.0 = Release|ARM
		{A0D10E3C-D7E7-42A9-B321-1233BBE758DE}.Ad-Hoc|iPhone.ActiveCfg = Release|Any CPU
		{A0D10E3C-D7E7-42A9-B321-1233BBE758DE}.Ad-Hoc|iPhone.Build.0 = Release|Any CPU
		{A0D10E3C-D7E7-42A9-B321-1233BBE758DE}.Ad-Hoc|iPhone.Deploy.0 = Release|Any CPU
		{A0D10E3C-D7E7-42A9-B321-1233BBE758DE}.Ad-Hoc|iPhoneSimulator.ActiveCfg = Release|Any CPU
		{A0D10E3C-D7E7-42A9-B321-1233BBE758DE}.Ad-Hoc|iPhoneSimulator.Build.0 = Release|Any CPU
		{A0D10E3C-D7E7-42A9-B321-1233BBE758DE}.Ad-Hoc|iPhoneSimulator.Deploy.0 = Release|Any CPU
		{A0D10E3C-D7E7-42A9-B321-1233BBE758DE}.Ad-Hoc|Mixed Platforms.ActiveCfg = Release|x86
		{A0D10E3C-D7E7-42A9-B321-1233BBE758DE}.Ad-Hoc|Mixed Platforms.Build.0 = Release|x86
		{A0D10E3C-D7E7-42A9-B321-1233BBE758DE}.Ad-Hoc|Mixed Platforms.Deploy.0 = Release|x86
		{A0D10E3C-D7E7-42A9-B321-1233BBE758DE}.Ad-Hoc|x86.ActiveCfg = Release|x86
		{A0D10E3C-D7E7-42A9-B321-1233BBE758DE}.Ad-Hoc|x86.Build.0 = Release|x86
		{A0D10E3C-D7E7-42A9-B321-1233BBE758DE}.Ad-Hoc|x86.Deploy.0 = Release|x86
		{A0D10E3C-D7E7-42A9-B321-1233BBE758DE}.AppStore|Any CPU.ActiveCfg = Release|Any CPU
		{A0D10E3C-D7E7-42A9-B321-1233BBE758DE}.AppStore|Any CPU.Build.0 = Release|Any CPU
		{A0D10E3C-D7E7-42A9-B321-1233BBE758DE}.AppStore|Any CPU.Deploy.0 = Release|Any CPU
		{A0D10E3C-D7E7-42A9-B321-1233BBE758DE}.AppStore|ARM.ActiveCfg = Release|ARM
		{A0D10E3C-D7E7-42A9-B321-1233BBE758DE}.AppStore|ARM.Build.0 = Release|ARM
		{A0D10E3C-D7E7-42A9-B321-1233BBE758DE}.AppStore|ARM.Deploy.0 = Release|ARM
		{A0D10E3C-D7E7-42A9-B321-1233BBE758DE}.AppStore|iPhone.ActiveCfg = Release|Any CPU
		{A0D10E3C-D7E7-42A9-B321-1233BBE758DE}.AppStore|iPhone.Build.0 = Release|Any CPU
		{A0D10E3C-D7E7-42A9-B321-1233BBE758DE}.AppStore|iPhone.Deploy.0 = Release|Any CPU
		{A0D10E3C-D7E7-42A9-B321-1233BBE758DE}.AppStore|iPhoneSimulator.ActiveCfg = Release|Any CPU
		{A0D10E3C-D7E7-42A9-B321-1233BBE758DE}.AppStore|iPhoneSimulator.Build.0 = Release|Any CPU
		{A0D10E3C-D7E7-42A9-B321-1233BBE758DE}.AppStore|iPhoneSimulator.Deploy.0 = Release|Any CPU
		{A0D10E3C-D7E7-42A9-B321-1233BBE758DE}.AppStore|Mixed Platforms.ActiveCfg = Release|x86
		{A0D10E3C-D7E7-42A9-B321-1233BBE758DE}.AppStore|Mixed Platforms.Build.0 = Release|x86
		{A0D10E3C-D7E7-42A9-B321-1233BBE758DE}.AppStore|Mixed Platforms.Deploy.0 = Release|x86
		{A0D10E3C-D7E7-42A9-B321-1233BBE758DE}.AppStore|x86.ActiveCfg = Release|x86
		{A0D10E3C-D7E7-42A9-B321-1233BBE758DE}.AppStore|x86.Build.0 = Release|x86
		{A0D10E3C-D7E7-42A9-B321-1233BBE758DE}.AppStore|x86.Deploy.0 = Release|x86
		{A0D10E3C-D7E7-42A9-B321-1233BBE758DE}.Debug|Any CPU.ActiveCfg = Debug|Any CPU
		{A0D10E3C-D7E7-42A9-B321-1233BBE758DE}.Debug|Any CPU.Build.0 = Debug|Any CPU
		{A0D10E3C-D7E7-42A9-B321-1233BBE758DE}.Debug|Any CPU.Deploy.0 = Debug|Any CPU
		{A0D10E3C-D7E7-42A9-B321-1233BBE758DE}.Debug|ARM.ActiveCfg = Debug|ARM
		{A0D10E3C-D7E7-42A9-B321-1233BBE758DE}.Debug|ARM.Build.0 = Debug|ARM
		{A0D10E3C-D7E7-42A9-B321-1233BBE758DE}.Debug|ARM.Deploy.0 = Debug|ARM
		{A0D10E3C-D7E7-42A9-B321-1233BBE758DE}.Debug|iPhone.ActiveCfg = Debug|Any CPU
		{A0D10E3C-D7E7-42A9-B321-1233BBE758DE}.Debug|iPhone.Build.0 = Debug|Any CPU
		{A0D10E3C-D7E7-42A9-B321-1233BBE758DE}.Debug|iPhone.Deploy.0 = Debug|Any CPU
		{A0D10E3C-D7E7-42A9-B321-1233BBE758DE}.Debug|iPhoneSimulator.ActiveCfg = Debug|Any CPU
		{A0D10E3C-D7E7-42A9-B321-1233BBE758DE}.Debug|iPhoneSimulator.Build.0 = Debug|Any CPU
		{A0D10E3C-D7E7-42A9-B321-1233BBE758DE}.Debug|iPhoneSimulator.Deploy.0 = Debug|Any CPU
		{A0D10E3C-D7E7-42A9-B321-1233BBE758DE}.Debug|Mixed Platforms.ActiveCfg = Debug|x86
		{A0D10E3C-D7E7-42A9-B321-1233BBE758DE}.Debug|Mixed Platforms.Build.0 = Debug|x86
		{A0D10E3C-D7E7-42A9-B321-1233BBE758DE}.Debug|Mixed Platforms.Deploy.0 = Debug|x86
		{A0D10E3C-D7E7-42A9-B321-1233BBE758DE}.Debug|x86.ActiveCfg = Debug|x86
		{A0D10E3C-D7E7-42A9-B321-1233BBE758DE}.Debug|x86.Build.0 = Debug|x86
		{A0D10E3C-D7E7-42A9-B321-1233BBE758DE}.Debug|x86.Deploy.0 = Debug|x86
		{A0D10E3C-D7E7-42A9-B321-1233BBE758DE}.Release|Any CPU.ActiveCfg = Release|Any CPU
		{A0D10E3C-D7E7-42A9-B321-1233BBE758DE}.Release|Any CPU.Build.0 = Release|Any CPU
		{A0D10E3C-D7E7-42A9-B321-1233BBE758DE}.Release|Any CPU.Deploy.0 = Release|Any CPU
		{A0D10E3C-D7E7-42A9-B321-1233BBE758DE}.Release|ARM.ActiveCfg = Release|ARM
		{A0D10E3C-D7E7-42A9-B321-1233BBE758DE}.Release|ARM.Build.0 = Release|ARM
		{A0D10E3C-D7E7-42A9-B321-1233BBE758DE}.Release|ARM.Deploy.0 = Release|ARM
		{A0D10E3C-D7E7-42A9-B321-1233BBE758DE}.Release|iPhone.ActiveCfg = Release|Any CPU
		{A0D10E3C-D7E7-42A9-B321-1233BBE758DE}.Release|iPhone.Build.0 = Release|Any CPU
		{A0D10E3C-D7E7-42A9-B321-1233BBE758DE}.Release|iPhone.Deploy.0 = Release|Any CPU
		{A0D10E3C-D7E7-42A9-B321-1233BBE758DE}.Release|iPhoneSimulator.ActiveCfg = Release|Any CPU
		{A0D10E3C-D7E7-42A9-B321-1233BBE758DE}.Release|iPhoneSimulator.Build.0 = Release|Any CPU
		{A0D10E3C-D7E7-42A9-B321-1233BBE758DE}.Release|iPhoneSimulator.Deploy.0 = Release|Any CPU
		{A0D10E3C-D7E7-42A9-B321-1233BBE758DE}.Release|Mixed Platforms.ActiveCfg = Release|x86
		{A0D10E3C-D7E7-42A9-B321-1233BBE758DE}.Release|Mixed Platforms.Build.0 = Release|x86
		{A0D10E3C-D7E7-42A9-B321-1233BBE758DE}.Release|Mixed Platforms.Deploy.0 = Release|x86
		{A0D10E3C-D7E7-42A9-B321-1233BBE758DE}.Release|x86.ActiveCfg = Release|x86
		{A0D10E3C-D7E7-42A9-B321-1233BBE758DE}.Release|x86.Build.0 = Release|x86
		{A0D10E3C-D7E7-42A9-B321-1233BBE758DE}.Release|x86.Deploy.0 = Release|x86
	EndGlobalSection
	GlobalSection(SolutionProperties) = preSolution
		HideSolutionNode = FALSE
	EndGlobalSection
EndGlobal
